
Microsoft Visual Studio Solution File, Format Version 12.00
# Visual Studio 15
VisualStudioVersion = 15.0.26124.0
MinimumVisualStudioVersion = 15.0.26124.0
Project("{FAE04EC0-301F-11D3-BF4B-00C04F79EFBC}") = "MyNAS.Site", "MyNAS.Site\MyNAS.Site.csproj", "{B8F9E0DE-6CC9-44F7-9EDB-12D9C0149E77}"
EndProject
Project("{FAE04EC0-301F-11D3-BF4B-00C04F79EFBC}") = "MyNAS.Model", "MyNAS.Model\MyNAS.Model.csproj", "{FC0FC15A-B187-4E84-817B-270C7E526364}"
EndProject
Project("{FAE04EC0-301F-11D3-BF4B-00C04F79EFBC}") = "MyNAS.Util", "MyNAS.Util\MyNAS.Util.csproj", "{FE6CED21-0796-46F2-A680-1FCD23CCD0B8}"
EndProject
Project("{2150E333-8FDC-42A3-9474-1A3956D46DE8}") = "Services", "Services", "{14622196-D55C-40D6-9772-9BF6D5A0A18D}"
EndProject
Project("{FAE04EC0-301F-11D3-BF4B-00C04F79EFBC}") = "MyNAS.Services.Abstraction", "Services\MyNAS.Services.Abstraction\MyNAS.Services.Abstraction.csproj", "{BC6F799F-630A-4708-802A-DA29C1D656F9}"
EndProject
Project("{FAE04EC0-301F-11D3-BF4B-00C04F79EFBC}") = "MyNAS.Services.LiteDbServices", "Services\MyNAS.Services.LiteDbServices\MyNAS.Services.LiteDbServices.csproj", "{E69D4D8D-4B52-4207-B3AB-C82A564142B3}"
EndProject
Project("{FAE04EC0-301F-11D3-BF4B-00C04F79EFBC}") = "MyNAS.Services.FileSystemServices", "Services\MyNAS.Services.FileSystemServices\MyNAS.Services.FileSystemServices.csproj", "{C75ED3ED-53CB-4642-A00A-E0084B4DD19D}"
EndProject
Global
	GlobalSection(SolutionConfigurationPlatforms) = preSolution
		Debug|Any CPU = Debug|Any CPU
		Debug|x64 = Debug|x64
		Debug|x86 = Debug|x86
		Release|Any CPU = Release|Any CPU
		Release|x64 = Release|x64
		Release|x86 = Release|x86
	EndGlobalSection
	GlobalSection(SolutionProperties) = preSolution
		HideSolutionNode = FALSE
	EndGlobalSection
	GlobalSection(ProjectConfigurationPlatforms) = postSolution
		{B8F9E0DE-6CC9-44F7-9EDB-12D9C0149E77}.Debug|Any CPU.ActiveCfg = Debug|Any CPU
		{B8F9E0DE-6CC9-44F7-9EDB-12D9C0149E77}.Debug|Any CPU.Build.0 = Debug|Any CPU
		{B8F9E0DE-6CC9-44F7-9EDB-12D9C0149E77}.Debug|x64.ActiveCfg = Debug|Any CPU
		{B8F9E0DE-6CC9-44F7-9EDB-12D9C0149E77}.Debug|x64.Build.0 = Debug|Any CPU
		{B8F9E0DE-6CC9-44F7-9EDB-12D9C0149E77}.Debug|x86.ActiveCfg = Debug|Any CPU
		{B8F9E0DE-6CC9-44F7-9EDB-12D9C0149E77}.Debug|x86.Build.0 = Debug|Any CPU
		{B8F9E0DE-6CC9-44F7-9EDB-12D9C0149E77}.Release|Any CPU.ActiveCfg = Release|Any CPU
		{B8F9E0DE-6CC9-44F7-9EDB-12D9C0149E77}.Release|Any CPU.Build.0 = Release|Any CPU
		{B8F9E0DE-6CC9-44F7-9EDB-12D9C0149E77}.Release|x64.ActiveCfg = Release|Any CPU
		{B8F9E0DE-6CC9-44F7-9EDB-12D9C0149E77}.Release|x64.Build.0 = Release|Any CPU
		{B8F9E0DE-6CC9-44F7-9EDB-12D9C0149E77}.Release|x86.ActiveCfg = Release|Any CPU
		{B8F9E0DE-6CC9-44F7-9EDB-12D9C0149E77}.Release|x86.Build.0 = Release|Any CPU
		{FC0FC15A-B187-4E84-817B-270C7E526364}.Debug|Any CPU.ActiveCfg = Debug|Any CPU
		{FC0FC15A-B187-4E84-817B-270C7E526364}.Debug|Any CPU.Build.0 = Debug|Any CPU
		{FC0FC15A-B187-4E84-817B-270C7E526364}.Debug|x64.ActiveCfg = Debug|Any CPU
		{FC0FC15A-B187-4E84-817B-270C7E526364}.Debug|x64.Build.0 = Debug|Any CPU
		{FC0FC15A-B187-4E84-817B-270C7E526364}.Debug|x86.ActiveCfg = Debug|Any CPU
		{FC0FC15A-B187-4E84-817B-270C7E526364}.Debug|x86.Build.0 = Debug|Any CPU
		{FC0FC15A-B187-4E84-817B-270C7E526364}.Release|Any CPU.ActiveCfg = Release|Any CPU
		{FC0FC15A-B187-4E84-817B-270C7E526364}.Release|Any CPU.Build.0 = Release|Any CPU
		{FC0FC15A-B187-4E84-817B-270C7E526364}.Release|x64.ActiveCfg = Release|Any CPU
		{FC0FC15A-B187-4E84-817B-270C7E526364}.Release|x64.Build.0 = Release|Any CPU
		{FC0FC15A-B187-4E84-817B-270C7E526364}.Release|x86.ActiveCfg = Release|Any CPU
		{FC0FC15A-B187-4E84-817B-270C7E526364}.Release|x86.Build.0 = Release|Any CPU
		{FE6CED21-0796-46F2-A680-1FCD23CCD0B8}.Debug|Any CPU.ActiveCfg = Debug|Any CPU
		{FE6CED21-0796-46F2-A680-1FCD23CCD0B8}.Debug|Any CPU.Build.0 = Debug|Any CPU
		{FE6CED21-0796-46F2-A680-1FCD23CCD0B8}.Debug|x64.ActiveCfg = Debug|Any CPU
		{FE6CED21-0796-46F2-A680-1FCD23CCD0B8}.Debug|x64.Build.0 = Debug|Any CPU
		{FE6CED21-0796-46F2-A680-1FCD23CCD0B8}.Debug|x86.ActiveCfg = Debug|Any CPU
		{FE6CED21-0796-46F2-A680-1FCD23CCD0B8}.Debug|x86.Build.0 = Debug|Any CPU
		{FE6CED21-0796-46F2-A680-1FCD23CCD0B8}.Release|Any CPU.ActiveCfg = Release|Any CPU
		{FE6CED21-0796-46F2-A680-1FCD23CCD0B8}.Release|Any CPU.Build.0 = Release|Any CPU
		{FE6CED21-0796-46F2-A680-1FCD23CCD0B8}.Release|x64.ActiveCfg = Release|Any CPU
		{FE6CED21-0796-46F2-A680-1FCD23CCD0B8}.Release|x64.Build.0 = Release|Any CPU
		{FE6CED21-0796-46F2-A680-1FCD23CCD0B8}.Release|x86.ActiveCfg = Release|Any CPU
		{FE6CED21-0796-46F2-A680-1FCD23CCD0B8}.Release|x86.Build.0 = Release|Any CPU
		{BC6F799F-630A-4708-802A-DA29C1D656F9}.Debug|Any CPU.ActiveCfg = Debug|Any CPU
		{BC6F799F-630A-4708-802A-DA29C1D656F9}.Debug|Any CPU.Build.0 = Debug|Any CPU
		{BC6F799F-630A-4708-802A-DA29C1D656F9}.Debug|x64.ActiveCfg = Debug|Any CPU
		{BC6F799F-630A-4708-802A-DA29C1D656F9}.Debug|x64.Build.0 = Debug|Any CPU
		{BC6F799F-630A-4708-802A-DA29C1D656F9}.Debug|x86.ActiveCfg = Debug|Any CPU
		{BC6F799F-630A-4708-802A-DA29C1D656F9}.Debug|x86.Build.0 = Debug|Any CPU
		{BC6F799F-630A-4708-802A-DA29C1D656F9}.Release|Any CPU.ActiveCfg = Release|Any CPU
		{BC6F799F-630A-4708-802A-DA29C1D656F9}.Release|Any CPU.Build.0 = Release|Any CPU
		{BC6F799F-630A-4708-802A-DA29C1D656F9}.Release|x64.ActiveCfg = Release|Any CPU
		{BC6F799F-630A-4708-802A-DA29C1D656F9}.Release|x64.Build.0 = Release|Any CPU
		{BC6F799F-630A-4708-802A-DA29C1D656F9}.Release|x86.ActiveCfg = Release|Any CPU
		{BC6F799F-630A-4708-802A-DA29C1D656F9}.Release|x86.Build.0 = Release|Any CPU
		{E69D4D8D-4B52-4207-B3AB-C82A564142B3}.Debug|Any CPU.ActiveCfg = Debug|Any CPU
		{E69D4D8D-4B52-4207-B3AB-C82A564142B3}.Debug|Any CPU.Build.0 = Debug|Any CPU
		{E69D4D8D-4B52-4207-B3AB-C82A564142B3}.Debug|x64.ActiveCfg = Debug|Any CPU
		{E69D4D8D-4B52-4207-B3AB-C82A564142B3}.Debug|x64.Build.0 = Debug|Any CPU
		{E69D4D8D-4B52-4207-B3AB-C82A564142B3}.Debug|x86.ActiveCfg = Debug|Any CPU
		{E69D4D8D-4B52-4207-B3AB-C82A564142B3}.Debug|x86.Build.0 = Debug|Any CPU
		{E69D4D8D-4B52-4207-B3AB-C82A564142B3}.Release|Any CPU.ActiveCfg = Release|Any CPU
		{E69D4D8D-4B52-4207-B3AB-C82A564142B3}.Release|Any CPU.Build.0 = Release|Any CPU
		{E69D4D8D-4B52-4207-B3AB-C82A564142B3}.Release|x64.ActiveCfg = Release|Any CPU
		{E69D4D8D-4B52-4207-B3AB-C82A564142B3}.Release|x64.Build.0 = Release|Any CPU
		{E69D4D8D-4B52-4207-B3AB-C82A564142B3}.Release|x86.ActiveCfg = Release|Any CPU
		{E69D4D8D-4B52-4207-B3AB-C82A564142B3}.Release|x86.Build.0 = Release|Any CPU
		{C75ED3ED-53CB-4642-A00A-E0084B4DD19D}.Debug|Any CPU.ActiveCfg = Debug|Any CPU
		{C75ED3ED-53CB-4642-A00A-E0084B4DD19D}.Debug|Any CPU.Build.0 = Debug|Any CPU
		{C75ED3ED-53CB-4642-A00A-E0084B4DD19D}.Debug|x64.ActiveCfg = Debug|Any CPU
		{C75ED3ED-53CB-4642-A00A-E0084B4DD19D}.Debug|x64.Build.0 = Debug|Any CPU
		{C75ED3ED-53CB-4642-A00A-E0084B4DD19D}.Debug|x86.ActiveCfg = Debug|Any CPU
		{C75ED3ED-53CB-4642-A00A-E0084B4DD19D}.Debug|x86.Build.0 = Debug|Any CPU
		{C75ED3ED-53CB-4642-A00A-E0084B4DD19D}.Release|Any CPU.ActiveCfg = Release|Any CPU
		{C75ED3ED-53CB-4642-A00A-E0084B4DD19D}.Release|Any CPU.Build.0 = Release|Any CPU
		{C75ED3ED-53CB-4642-A00A-E0084B4DD19D}.Release|x64.ActiveCfg = Release|Any CPU
		{C75ED3ED-53CB-4642-A00A-E0084B4DD19D}.Release|x64.Build.0 = Release|Any CPU
		{C75ED3ED-53CB-4642-A00A-E0084B4DD19D}.Release|x86.ActiveCfg = Release|Any CPU
		{C75ED3ED-53CB-4642-A00A-E0084B4DD19D}.Release|x86.Build.0 = Release|Any CPU
	EndGlobalSection
	GlobalSection(NestedProjects) = preSolution
		{BC6F799F-630A-4708-802A-DA29C1D656F9} = {14622196-D55C-40D6-9772-9BF6D5A0A18D}
		{E69D4D8D-4B52-4207-B3AB-C82A564142B3} = {14622196-D55C-40D6-9772-9BF6D5A0A18D}
		{C75ED3ED-53CB-4642-A00A-E0084B4DD19D} = {14622196-D55C-40D6-9772-9BF6D5A0A18D}
	EndGlobalSection
EndGlobal
